PODS:
  - Firebase/AdMob (5.5.0):
    - Firebase/Core
    - Google-Mobile-Ads-SDK (= 7.31.0)
  - Firebase/Core (5.5.0):
    - Firebase/CoreOnly
    - FirebaseAnalytics (= 5.1.0)
  - Firebase/CoreOnly (5.5.0):
    - FirebaseCore (= 5.1.0)
  - FirebaseAnalytics (5.1.0):
    - FirebaseCore (~> 5.1)
    - FirebaseInstanceID (~> 3.2)
    - GoogleAppMeasurement (~> 5.1)
    - GoogleUtilities/AppDelegateSwizzler (~> 5.2.0)
    - GoogleUtilities/MethodSwizzler (~> 5.2.0)
    - GoogleUtilities/Network (~> 5.2)
    - "GoogleUtilities/NSData+zlib (~> 5.2)"
    - nanopb (~> 0.3)
  - FirebaseCore (5.1.0):
    - GoogleUtilities/Logger (~> 5.2)
  - FirebaseInstanceID (3.2.0):
    - FirebaseCore (~> 5.1)
    - GoogleUtilities/Environment (~> 5.2)
  - Google-Mobile-Ads-SDK (7.31.0)
  - GoogleAppMeasurement (5.1.0):
    - GoogleUtilities/AppDelegateSwizzler (~> 5.2.0)
    - GoogleUtilities/MethodSwizzler (~> 5.2.0)
    - GoogleUtilities/Network (~> 5.2)
    - "GoogleUtilities/NSData+zlib (~> 5.2)"
    - nanopb (~> 0.3)
  - GoogleUtilities/AppDelegateSwizzler (5.2.1):
    - GoogleUtilities/Logger
    - GoogleUtilities/Network
  - GoogleUtilities/Environment (5.2.1)
  - GoogleUtilities/Logger (5.2.1):
    - GoogleUtilities/Environment
  - GoogleUtilities/MethodSwizzler (5.2.1):
    - GoogleUtilities/Logger
  - GoogleUtilities/Network (5.2.1):
    - GoogleUtilities/Logger
    - "GoogleUtilities/NSData+zlib"
    - GoogleUtilities/Reachability
  - "GoogleUtilities/NSData+zlib (5.2.1)"
  - GoogleUtilities/Reachability (5.2.1):
    - GoogleUtilities/Logger
  - KakaoOpenSDK (1.9.0):
    - KakaoOpenSDK/KakaoCommon (= 1.9.0)
    - KakaoOpenSDK/KakaoLink (= 1.9.0)
    - KakaoOpenSDK/KakaoMessageTemplate (= 1.9.0)
    - KakaoOpenSDK/KakaoNavi (= 1.9.0)
    - KakaoOpenSDK/KakaoOpenSDK (= 1.9.0)
    - KakaoOpenSDK/KakaoS2 (= 1.9.0)
  - KakaoOpenSDK/KakaoCommon (1.9.0)
  - KakaoOpenSDK/KakaoLink (1.9.0):
    - KakaoOpenSDK/KakaoCommon
  - KakaoOpenSDK/KakaoMessageTemplate (1.9.0)
  - KakaoOpenSDK/KakaoNavi (1.9.0):
    - KakaoOpenSDK/KakaoCommon
  - KakaoOpenSDK/KakaoOpenSDK (1.9.0)
  - KakaoOpenSDK/KakaoS2 (1.9.0):
    - KakaoOpenSDK/KakaoCommon
  - LSCircleProgressView (0.0.5)
  - LSExtensions (0.1.0)
  - nanopb (0.3.8):
    - nanopb/decode (= 0.3.8)
    - nanopb/encode (= 0.3.8)
  - nanopb/decode (0.3.8)
  - nanopb/encode (0.3.8)
  - RxCocoa (4.2.0):
    - RxSwift (~> 4.0)
  - RxSwift (4.2.0)

DEPENDENCIES:
  - Firebase/AdMob
  - Firebase/Core
  - KakaoOpenSDK
  - LSCircleProgressView (from `~/Projects/leesam/pods/LSCircleProgressView/src/LSCircleProgressView`)
  - LSExtensions
  - RxCocoa (~> 4.0)
  - RxSwift (~> 4.0)

SPEC REPOS:
  https://github.com/cocoapods/specs.git:
    - Firebase
    - FirebaseAnalytics
    - FirebaseCore
    - FirebaseInstanceID
    - Google-Mobile-Ads-SDK
    - GoogleAppMeasurement
    - GoogleUtilities
    - KakaoOpenSDK
    - LSExtensions
    - nanopb
    - RxCocoa
    - RxSwift

EXTERNAL SOURCES:
  LSCircleProgressView:
    :path: "~/Projects/leesam/pods/LSCircleProgressView/src/LSCircleProgressView"

SPEC CHECKSUMS:
  Firebase: 8c957f9cb3852b519180fb378801b7eeeba4d288
  FirebaseAnalytics: d4a260c114aec0d765ab5b9c404ac63de1d29381
  FirebaseCore: ee4b35cf8c8e781da296cc7c15125e4608bb954d
  FirebaseInstanceID: 8cd2c6cfe7b9ab65ce7e248f6da7f26f6775b9be
  Google-Mobile-Ads-SDK: 6e529e748b45507a2ca904e0b5a52669ba3920c4
  GoogleAppMeasurement: e785bdb86d3d280abc778156cec323a975f11d1d
  GoogleUtilities: 8d9fa00248c475b606fd20b562242060a20117a2
  KakaoOpenSDK: 6d658510bf1e51dd8765ad000130138407c72612
  LSCircleProgressView: 9a3e74017924855e5ac9e3714f7a5123d2576df8
  LSExtensions: c1310cfb33b55e444f2018c40cb59758aa9ef7f2
  nanopb: 5601e6bca2dbf1ed831b519092ec110f66982ca3
  RxCocoa: 0b54909c902e1e581212a03e690bbd94032d8baa
  RxSwift: 99e10317ddfcc7fbe01356aafd118fde4a0be104

PODFILE CHECKSUM: ad98dde1a8b298ef9ec8c446ed50ef3e12f8916b

COCOAPODS: 1.5.3
