PODS:
  - Crashlytics (3.12.0):
    - Fabric (~> 1.9.0)
  - Fabric (1.9.0)
  - Firebase/AdMob (5.18.0):
    - Firebase/Core
    - Google-Mobile-Ads-SDK (~> 7.40)
  - Firebase/Core (5.18.0):
    - Firebase/CoreOnly
    - FirebaseAnalytics (= 5.7.0)
  - Firebase/CoreOnly (5.18.0):
    - FirebaseCore (= 5.3.1)
  - FirebaseAnalytics (5.7.0):
    - FirebaseCore (~> 5.3)
    - FirebaseInstanceID (~> 3.6)
    - GoogleAppMeasurement (= 5.7.0)
    - GoogleUtilities/AppDelegateSwizzler (~> 5.2)
    - GoogleUtilities/MethodSwizzler (~> 5.2)
    - GoogleUtilities/Network (~> 5.2)
    - "GoogleUtilities/NSData+zlib (~> 5.2)"
    - nanopb (~> 0.3)
  - FirebaseCore (5.3.1):
    - GoogleUtilities/Logger (~> 5.2)
  - FirebaseInstanceID (3.7.0):
    - FirebaseCore (~> 5.2)
    - GoogleUtilities/Environment (~> 5.2)
    - GoogleUtilities/UserDefaults (~> 5.2)
  - Google-Mobile-Ads-SDK (7.41.0)
  - GoogleAppMeasurement (5.7.0):
    - GoogleUtilities/AppDelegateSwizzler (~> 5.2)
    - GoogleUtilities/MethodSwizzler (~> 5.2)
    - GoogleUtilities/Network (~> 5.2)
    - "GoogleUtilities/NSData+zlib (~> 5.2)"
    - nanopb (~> 0.3)
  - GoogleUtilities/AppDelegateSwizzler (5.3.7):
    - GoogleUtilities/Environment
    - GoogleUtilities/Logger
    - GoogleUtilities/Network
  - GoogleUtilities/Environment (5.3.7)
  - GoogleUtilities/Logger (5.3.7):
    - GoogleUtilities/Environment
  - GoogleUtilities/MethodSwizzler (5.3.7):
    - GoogleUtilities/Logger
  - GoogleUtilities/Network (5.3.7):
    - GoogleUtilities/Logger
    - "GoogleUtilities/NSData+zlib"
    - GoogleUtilities/Reachability
  - "GoogleUtilities/NSData+zlib (5.3.7)"
  - GoogleUtilities/Reachability (5.3.7):
    - GoogleUtilities/Logger
  - GoogleUtilities/UserDefaults (5.3.7):
    - GoogleUtilities/Logger
  - KakaoOpenSDK (1.11.2):
    - KakaoOpenSDK/KakaoCommon (= 1.11.2)
    - KakaoOpenSDK/KakaoLink (= 1.11.2)
    - KakaoOpenSDK/KakaoMessageTemplate (= 1.11.2)
    - KakaoOpenSDK/KakaoNavi (= 1.11.2)
    - KakaoOpenSDK/KakaoOpenSDK (= 1.11.2)
    - KakaoOpenSDK/KakaoS2 (= 1.11.2)
  - KakaoOpenSDK/KakaoCommon (1.11.2)
  - KakaoOpenSDK/KakaoLink (1.11.2):
    - KakaoOpenSDK/KakaoCommon
  - KakaoOpenSDK/KakaoMessageTemplate (1.11.2)
  - KakaoOpenSDK/KakaoNavi (1.11.2):
    - KakaoOpenSDK/KakaoCommon
  - KakaoOpenSDK/KakaoOpenSDK (1.11.2)
  - KakaoOpenSDK/KakaoS2 (1.11.2):
    - KakaoOpenSDK/KakaoCommon
  - LSCircleProgressView (0.0.8)
  - LSExtensions (0.1.7)
  - nanopb (0.3.901):
    - nanopb/decode (= 0.3.901)
    - nanopb/encode (= 0.3.901)
  - nanopb/decode (0.3.901)
  - nanopb/encode (0.3.901)
  - RxAtomic (4.4.2)
  - RxCocoa (4.4.2):
    - RxSwift (>= 4.4.2, ~> 4.4)
  - RxSwift (4.4.2):
    - RxAtomic (>= 4.4.2, ~> 4.4)

DEPENDENCIES:
  - Crashlytics
  - Fabric
  - Firebase/AdMob
  - Firebase/Core
  - KakaoOpenSDK
  - LSCircleProgressView (from `~/Projects/leesam/pods/LSCircleProgressView/src/LSCircleProgressView`)
  - LSExtensions
  - RxCocoa (~> 4.0)
  - RxSwift (~> 4.0)

SPEC REPOS:
  https://github.com/cocoapods/specs.git:
    - Crashlytics
    - Fabric
    - Firebase
    - FirebaseAnalytics
    - FirebaseCore
    - FirebaseInstanceID
    - Google-Mobile-Ads-SDK
    - GoogleAppMeasurement
    - GoogleUtilities
    - KakaoOpenSDK
    - LSExtensions
    - nanopb
    - RxAtomic
    - RxCocoa
    - RxSwift

EXTERNAL SOURCES:
  LSCircleProgressView:
    :path: "~/Projects/leesam/pods/LSCircleProgressView/src/LSCircleProgressView"

SPEC CHECKSUMS:
  Crashlytics: 07fb167b1694128c1c9a5a5cc319b0e9c3ca0933
  Fabric: f988e33c97f08930a413e08123064d2e5f68d655
  Firebase: 02f3281965c075426141a0ce1277e9de6649cab9
  FirebaseAnalytics: 23851fe602c872130a2c5c55040b302120346cc2
  FirebaseCore: 52f851b30e11360f1e67cf04b1edfebf0a47a2d3
  FirebaseInstanceID: bd6fc5a258884e206fd5c474ebe4f5b00e21770e
  Google-Mobile-Ads-SDK: 101ce89b94fdf60ec64ba7b6e9b9d812dc765936
  GoogleAppMeasurement: 6cf307834da065863f9faf4c0de0a936d81dd832
  GoogleUtilities: 111a012f4c3a29c9e7c954c082fafd6ee3c999c0
  KakaoOpenSDK: cb3237cef2f458f6b4b895475fac72fe7a76f34d
  LSCircleProgressView: 667ea3f11156f5bac9c246cf1c055290f3d8f617
  LSExtensions: 66ada67b1be79560d5a8d541c0b35601ad4d0e59
  nanopb: 2901f78ea1b7b4015c860c2fdd1ea2fee1a18d48
  RxAtomic: d00e97c10db88c6f08540e0bf2752fc5a2404167
  RxCocoa: 477990dc3b4c3ff55fb0ac77e1cc06244e0aaec8
  RxSwift: 74c29b693c8e42b0f64400e8b06564575742d649

PODFILE CHECKSUM: d6b4f0ff313bd7dd7bf10e163ffe04bae2d410fb

COCOAPODS: 1.6.0.beta.1
